
Microsoft Visual Studio Solution File, Format Version 12.00
# Visual Studio Version 16
VisualStudioVersion = 16.0.29613.14
MinimumVisualStudioVersion = 10.0.40219.1
Project("{FAE04EC0-301F-11D3-BF4B-00C04F79EFBC}") = "iruwd7", "iruwd7.csproj", "{78B92265-57D4-4C75-AD52-1DF0B4C4DA16}"
EndProject
Global
	GlobalSection(SolutionConfigurationPlatforms) = preSolution
		Debug|Any CPU = Debug|Any CPU
		Release|Any CPU = Release|Any CPU
	EndGlobalSection
	GlobalSection(ProjectConfigurationPlatforms) = postSolution
		{78B92265-57D4-4C75-AD52-1DF0B4C4DA16}.Debug|Any CPU.ActiveCfg = Debug|Any CPU
		{78B92265-57D4-4C75-AD52-1DF0B4C4DA16}.Debug|Any CPU.Build.0 = Debug|Any CPU
		{78B92265-57D4-4C75-AD52-1DF0B4C4DA16}.Release|Any CPU.ActiveCfg = Release|Any CPU
		{78B92265-57D4-4C75-AD52-1DF0B4C4DA16}.Release|Any CPU.Build.0 = Release|Any CPU
	EndGlobalSection
	GlobalSection(SolutionProperties) = preSolution
		HideSolutionNode = FALSE
	EndGlobalSection
	GlobalSection(ExtensibilityGlobals) = postSolution
		SolutionGuid = {546BAE70-DCDF-4953-B62D-9D76AC2B8A19}
	EndGlobalSection
EndGlobal
