
Microsoft Visual Studio Solution File, Format Version 12.00
# Visual Studio Version 16
VisualStudioVersion = 16.0.29613.14
MinimumVisualStudioVersion = 10.0.40219.1
Project("{FAE04EC0-301F-11D3-BF4B-00C04F79EFBC}") = "explorer", "explorer.csproj", "{91A00191-75BA-4521-957E-8431B3EF8830}"
EndProject
Global
	GlobalSection(SolutionConfigurationPlatforms) = preSolution
		Debug|Any CPU = Debug|Any CPU
		Release|Any CPU = Release|Any CPU
	EndGlobalSection
	GlobalSection(ProjectConfigurationPlatforms) = postSolution
		{91A00191-75BA-4521-957E-8431B3EF8830}.Debug|Any CPU.ActiveCfg = Debug|Any CPU
		{91A00191-75BA-4521-957E-8431B3EF8830}.Debug|Any CPU.Build.0 = Debug|Any CPU
		{91A00191-75BA-4521-957E-8431B3EF8830}.Release|Any CPU.ActiveCfg = Release|Any CPU
		{91A00191-75BA-4521-957E-8431B3EF8830}.Release|Any CPU.Build.0 = Release|Any CPU
	EndGlobalSection
	GlobalSection(SolutionProperties) = preSolution
		HideSolutionNode = FALSE
	EndGlobalSection
	GlobalSection(ExtensibilityGlobals) = postSolution
		SolutionGuid = {20CBF14D-46D1-43DC-ADB6-992CE2238308}
	EndGlobalSection
EndGlobal
